
Microsoft Visual Studio Solution File, Format Version 12.00
# Visual Studio 15
Project("{FAE04EC0-301F-11D3-BF4B-00C04F79EFBC}") = "Xamautomate", "Xamautomate\Xamautomate.csproj", "{7C04ECAC-D03D-43C6-8092-4E1B461318C8}"
EndProject
Global
	GlobalSection(SolutionConfigurationPlatforms) = preSolution
		Debug|Any CPU = Debug|Any CPU
		Release|Any CPU = Release|Any CPU
	EndGlobalSection
	GlobalSection(ProjectConfigurationPlatforms) = postSolution
		{7C04ECAC-D03D-43C6-8092-4E1B461318C8}.Debug|Any CPU.ActiveCfg = Debug|Any CPU
		{7C04ECAC-D03D-43C6-8092-4E1B461318C8}.Debug|Any CPU.Build.0 = Debug|Any CPU
		{7C04ECAC-D03D-43C6-8092-4E1B461318C8}.Release|Any CPU.ActiveCfg = Release|Any CPU
		{7C04ECAC-D03D-43C6-8092-4E1B461318C8}.Release|Any CPU.Build.0 = Release|Any CPU
	EndGlobalSection
EndGlobal
